
Microsoft Visual Studio Solution File, Format Version 12.00
# Visual Studio Version 16
VisualStudioVersion = 16.0.31205.134
MinimumVisualStudioVersion = 10.0.40219.1
Project("{FAE04EC0-301F-11D3-BF4B-00C04F79EFBC}") = "LinkedlistStackQueue", "LinkedlistStackQueue\LinkedlistStackQueue.csproj", "{EEDB0194-86C2-4F71-A97E-7557BFACE5DB}"
EndProject
Global
	GlobalSection(SolutionConfigurationPlatforms) = preSolution
		Debug|Any CPU = Debug|Any CPU
		Release|Any CPU = Release|Any CPU
	EndGlobalSection
	GlobalSection(ProjectConfigurationPlatforms) = postSolution
		{EEDB0194-86C2-4F71-A97E-7557BFACE5DB}.Debug|Any CPU.ActiveCfg = Debug|Any CPU
		{EEDB0194-86C2-4F71-A97E-7557BFACE5DB}.Debug|Any CPU.Build.0 = Debug|Any CPU
		{EEDB0194-86C2-4F71-A97E-7557BFACE5DB}.Release|Any CPU.ActiveCfg = Release|Any CPU
		{EEDB0194-86C2-4F71-A97E-7557BFACE5DB}.Release|Any CPU.Build.0 = Release|Any CPU
	EndGlobalSection
	GlobalSection(SolutionProperties) = preSolution
		HideSolutionNode = FALSE
	EndGlobalSection
	GlobalSection(ExtensibilityGlobals) = postSolution
		SolutionGuid = {B5392318-A5BD-42AB-88EA-006EF327F4C5}
	EndGlobalSection
EndGlobal
